{
  "version": 4,
  "terraform_version": "1.15.5",
  "serial": 22,
  "lineage": "c1725300-8859-7489-d363-d74974073159",
  "outputs": {
    "instance_type": {
      "value": "standard_B1s",
      "type": "string"
    },
    "load_balancer_ip": {
      "value": "172.173.155.120",
      "type": "string"
    },
    "public_ips": {
      "value": [
        "172.173.155.120"
      ],
      "type": [
        "tuple",
        [
          "string"
        ]
      ]
    },
    "resource_group_name": {
      "value": "gowri_rg1",
      "type": "string"
    }
  },
  "resources": [
    {
      "mode": "managed",
      "type": "azurerm_lb",
      "name": "my_lb",
      "provider": "provider[\"registry.terraform.io/hashicorp/azurerm\"]",
      "instances": [
        {
          "schema_version": 0,
          "attributes": {
            "edge_zone": "",
            "frontend_ip_configuration": [
              {
                "gateway_load_balancer_frontend_ip_configuration_id": "",
                "id": "/subscriptions/294fc8e5-3491-4a9e-8db3-78b02fd829e3/resourceGroups/gowri_rg1/providers/Microsoft.Network/loadBalancers/Kyndryl-LB/frontendIPConfigurations/PublicIPAddress",
                "inbound_nat_rules": [],
                "load_balancer_rules": [],
                "name": "PublicIPAddress",
                "outbound_rules": [],
                "private_ip_address": "",
                "private_ip_address_allocation": "Dynamic",
                "private_ip_address_version": "",
                "public_ip_address_id": "/subscriptions/294fc8e5-3491-4a9e-8db3-78b02fd829e3/resourceGroups/gowri_rg1/providers/Microsoft.Network/publicIPAddresses/KyndrylPublicIP",
                "public_ip_prefix_id": "",
                "subnet_id": "",
                "zones": null
              }
            ],
            "id": "/subscriptions/294fc8e5-3491-4a9e-8db3-78b02fd829e3/resourceGroups/gowri_rg1/providers/Microsoft.Network/loadBalancers/Kyndryl-LB",
            "location": "eastus",
            "name": "Kyndryl-LB",
            "private_ip_address": "",
            "private_ip_addresses": [],
            "resource_group_name": "gowri_rg1",
            "sku": "Standard",
            "sku_tier": "Regional",
            "tags": null,
            "timeouts": null
          },
          "sensitive_attributes": [],
          "identity_schema_version": 0,
          "private": "eyJlMmJmYjczMC1lY2FhLTExZTYtOGY4OC0zNDM2M2JjN2M0YzAiOnsiY3JlYXRlIjoxODAwMDAwMDAwMDAwLCJkZWxldGUiOjE4MDAwMDAwMDAwMDAsInJlYWQiOjMwMDAwMDAwMDAwMCwidXBkYXRlIjoxODAwMDAwMDAwMDAwfX0=",
          "dependencies": [
            "azurerm_public_ip.my_pip",
            "azurerm_resource_group.my_rg"
          ]
        }
      ]
    },
    {
      "mode": "managed",
      "type": "azurerm_lb_backend_address_pool",
      "name": "backend_pool",
      "provider": "provider[\"registry.terraform.io/hashicorp/azurerm\"]",
      "instances": [
        {
          "schema_version": 0,
          "attributes": {
            "backend_ip_configurations": [],
            "id": "/subscriptions/294fc8e5-3491-4a9e-8db3-78b02fd829e3/resourceGroups/gowri_rg1/providers/Microsoft.Network/loadBalancers/Kyndryl-LB/backendAddressPools/bkyndryl-ackend-pool",
            "inbound_nat_rules": [],
            "load_balancing_rules": [],
            "loadbalancer_id": "/subscriptions/294fc8e5-3491-4a9e-8db3-78b02fd829e3/resourceGroups/gowri_rg1/providers/Microsoft.Network/loadBalancers/Kyndryl-LB",
            "name": "bkyndryl-ackend-pool",
            "outbound_rules": [],
            "synchronous_mode": "",
            "timeouts": null,
            "tunnel_interface": [],
            "virtual_network_id": ""
          },
          "sensitive_attributes": [],
          "identity_schema_version": 0,
          "private": "eyJlMmJmYjczMC1lY2FhLTExZTYtOGY4OC0zNDM2M2JjN2M0YzAiOnsiY3JlYXRlIjoxODAwMDAwMDAwMDAwLCJkZWxldGUiOjE4MDAwMDAwMDAwMDAsInJlYWQiOjMwMDAwMDAwMDAwMCwidXBkYXRlIjoxODAwMDAwMDAwMDAwfX0=",
          "dependencies": [
            "azurerm_lb.my_lb",
            "azurerm_public_ip.my_pip",
            "azurerm_resource_group.my_rg"
          ]
        }
      ]
    },
    {
      "mode": "managed",
      "type": "azurerm_lb_probe",
      "name": "http_probe",
      "provider": "provider[\"registry.terraform.io/hashicorp/azurerm\"]",
      "instances": [
        {
          "schema_version": 0,
          "attributes": {
            "id": "/subscriptions/294fc8e5-3491-4a9e-8db3-78b02fd829e3/resourceGroups/gowri_rg1/providers/Microsoft.Network/loadBalancers/Kyndryl-LB/probes/http-probe",
            "interval_in_seconds": 15,
            "load_balancer_rules": [],
            "loadbalancer_id": "/subscriptions/294fc8e5-3491-4a9e-8db3-78b02fd829e3/resourceGroups/gowri_rg1/providers/Microsoft.Network/loadBalancers/Kyndryl-LB",
            "name": "http-probe",
            "number_of_probes": 2,
            "port": 80,
            "probe_threshold": 1,
            "protocol": "Tcp",
            "request_path": "",
            "timeouts": null
          },
          "sensitive_attributes": [],
          "identity_schema_version": 0,
          "private": "eyJlMmJmYjczMC1lY2FhLTExZTYtOGY4OC0zNDM2M2JjN2M0YzAiOnsiY3JlYXRlIjoxODAwMDAwMDAwMDAwLCJkZWxldGUiOjE4MDAwMDAwMDAwMDAsInJlYWQiOjMwMDAwMDAwMDAwMCwidXBkYXRlIjoxODAwMDAwMDAwMDAwfX0=",
          "dependencies": [
            "azurerm_lb.my_lb",
            "azurerm_public_ip.my_pip",
            "azurerm_resource_group.my_rg"
          ]
        }
      ]
    },
    {
      "mode": "managed",
      "type": "azurerm_lb_rule",
      "name": "http_rule",
      "provider": "provider[\"registry.terraform.io/hashicorp/azurerm\"]",
      "instances": [
        {
          "schema_version": 0,
          "attributes": {
            "backend_address_pool_ids": [
              "/subscriptions/294fc8e5-3491-4a9e-8db3-78b02fd829e3/resourceGroups/gowri_rg1/providers/Microsoft.Network/loadBalancers/Kyndryl-LB/backendAddressPools/bkyndryl-ackend-pool"
            ],
            "backend_port": 80,
            "disable_outbound_snat": false,
            "enable_floating_ip": false,
            "enable_tcp_reset": false,
            "frontend_ip_configuration_id": "/subscriptions/294fc8e5-3491-4a9e-8db3-78b02fd829e3/resourceGroups/gowri_rg1/providers/Microsoft.Network/loadBalancers/Kyndryl-LB/frontendIPConfigurations/PublicIPAddress",
            "frontend_ip_configuration_name": "PublicIPAddress",
            "frontend_port": 80,
            "id": "/subscriptions/294fc8e5-3491-4a9e-8db3-78b02fd829e3/resourceGroups/gowri_rg1/providers/Microsoft.Network/loadBalancers/Kyndryl-LB/loadBalancingRules/http-rule",
            "idle_timeout_in_minutes": 4,
            "load_distribution": "Default",
            "loadbalancer_id": "/subscriptions/294fc8e5-3491-4a9e-8db3-78b02fd829e3/resourceGroups/gowri_rg1/providers/Microsoft.Network/loadBalancers/Kyndryl-LB",
            "name": "http-rule",
            "probe_id": "/subscriptions/294fc8e5-3491-4a9e-8db3-78b02fd829e3/resourceGroups/gowri_rg1/providers/Microsoft.Network/loadBalancers/Kyndryl-LB/probes/http-probe",
            "protocol": "Tcp",
            "timeouts": null
          },
          "sensitive_attributes": [],
          "identity_schema_version": 0,
          "private": "eyJlMmJmYjczMC1lY2FhLTExZTYtOGY4OC0zNDM2M2JjN2M0YzAiOnsiY3JlYXRlIjoxODAwMDAwMDAwMDAwLCJkZWxldGUiOjE4MDAwMDAwMDAwMDAsInJlYWQiOjMwMDAwMDAwMDAwMCwidXBkYXRlIjoxODAwMDAwMDAwMDAwfX0=",
          "dependencies": [
            "azurerm_lb.my_lb",
            "azurerm_lb_backend_address_pool.backend_pool",
            "azurerm_lb_probe.http_probe",
            "azurerm_public_ip.my_pip",
            "azurerm_resource_group.my_rg"
          ]
        }
      ]
    },
    {
      "mode": "managed",
      "type": "azurerm_linux_virtual_machine",
      "name": "my_VM",
      "provider": "provider[\"registry.terraform.io/hashicorp/azurerm\"]",
      "instances": [
        {
          "index_key": 0,
          "schema_version": 0,
          "attributes": {
            "additional_capabilities": [],
            "admin_password": "Ygsvinay#26012002",
            "admin_ssh_key": [],
            "admin_username": "gowri",
            "allow_extension_operations": true,
            "availability_set_id": "",
            "boot_diagnostics": [],
            "bypass_platform_safety_checks_on_user_schedule_enabled": false,
            "capacity_reservation_group_id": "",
            "computer_name": "Kyndryl-Linux-VM1",
            "custom_data": "IyEvYmluL3NoCnN1ZG8geXVtIHVwZGF0ZSAteQpzdWRvIHl1bSBpbnN0YWxsIC15IApzdWRvIGNobW9kIC1SIDc3NyAvdmFyL3d3dy9odG1sCnN1ZG8gZWNobyAiV2VsY29tZSB0byBiZXNpbXBsZSAtIFdlYlZNICAtIFZNIEhvc3RuYW1lOiAkKGhvc3RuYW1lKSIgPiAvdmFyL3d3dy9odG1sL2luZGV4Lmh0bWwK",
            "dedicated_host_group_id": "",
            "dedicated_host_id": "",
            "disable_password_authentication": false,
            "disk_controller_type": "",
            "edge_zone": "",
            "encryption_at_host_enabled": false,
            "eviction_policy": "",
            "extensions_time_budget": "PT1H30M",
            "gallery_application": [],
            "id": "/subscriptions/294fc8e5-3491-4a9e-8db3-78b02fd829e3/resourceGroups/gowri_rg1/providers/Microsoft.Compute/virtualMachines/Kyndryl-Linux-VM1",
            "identity": [],
            "license_type": "",
            "location": "eastus",
            "max_bid_price": -1,
            "name": "Kyndryl-Linux-VM1",
            "network_interface_ids": [
              "/subscriptions/294fc8e5-3491-4a9e-8db3-78b02fd829e3/resourceGroups/gowri_rg1/providers/Microsoft.Network/networkInterfaces/KyndrylNIC-1"
            ],
            "os_disk": [
              {
                "caching": "ReadWrite",
                "diff_disk_settings": [],
                "disk_encryption_set_id": "",
                "disk_size_gb": 64,
                "name": "Kyndryl-Linux-VM1_disk1_12dfc3dd5b5c402ea5cbde40b94dc2ee",
                "secure_vm_disk_encryption_set_id": "",
                "security_encryption_type": "",
                "storage_account_type": "Standard_LRS",
                "write_accelerator_enabled": false
              }
            ],
            "os_image_notification": [],
            "patch_assessment_mode": "ImageDefault",
            "patch_mode": "ImageDefault",
            "plan": [],
            "platform_fault_domain": -1,
            "priority": "Regular",
            "private_ip_address": "10.0.2.5",
            "private_ip_addresses": [
              "10.0.2.5"
            ],
            "provision_vm_agent": true,
            "proximity_placement_group_id": "",
            "public_ip_address": "",
            "public_ip_addresses": [],
            "reboot_setting": "",
            "resource_group_name": "gowri_rg1",
            "secret": [],
            "secure_boot_enabled": false,
            "size": "Standard_B1s",
            "source_image_id": "",
            "source_image_reference": [
              {
                "offer": "RHEL",
                "publisher": "RedHat",
                "sku": "9-lvm",
                "version": "latest"
              }
            ],
            "tags": {
              "Environment": "Dev",
              "Owner": "Gowri Shankar",
              "Project": "Terraform_Testing"
            },
            "termination_notification": null,
            "timeouts": null,
            "user_data": "",
            "virtual_machine_id": "1ba00f89-b4e1-43a6-b4aa-85dd12c69951",
            "virtual_machine_scale_set_id": "",
            "vm_agent_platform_updates_enabled": false,
            "vtpm_enabled": false,
            "zone": ""
          },
          "sensitive_attributes": [
            [
              {
                "type": "get_attr",
                "value": "admin_password"
              }
            ],
            [
              {
                "type": "get_attr",
                "value": "custom_data"
              }
            ]
          ],
          "identity_schema_version": 0,
          "private": "eyJlMmJmYjczMC1lY2FhLTExZTYtOGY4OC0zNDM2M2JjN2M0YzAiOnsiY3JlYXRlIjoyNzAwMDAwMDAwMDAwLCJkZWxldGUiOjI3MDAwMDAwMDAwMDAsInJlYWQiOjMwMDAwMDAwMDAwMCwidXBkYXRlIjoyNzAwMDAwMDAwMDAwfX0=",
          "dependencies": [
            "azurerm_network_interface.my_nic",
            "azurerm_resource_group.my_rg",
            "azurerm_subnet.my_Subnet",
            "azurerm_virtual_network.my_Vnet"
          ]
        },
        {
          "index_key": 1,
          "schema_version": 0,
          "attributes": {
            "additional_capabilities": [],
            "admin_password": "Ygsvinay#26012002",
            "admin_ssh_key": [],
            "admin_username": "gowri",
            "allow_extension_operations": true,
            "availability_set_id": "",
            "boot_diagnostics": [],
            "bypass_platform_safety_checks_on_user_schedule_enabled": false,
            "capacity_reservation_group_id": "",
            "computer_name": "Kyndryl-Linux-VM2",
            "custom_data": "IyEvYmluL3NoCnN1ZG8geXVtIHVwZGF0ZSAteQpzdWRvIHl1bSBpbnN0YWxsIC15IApzdWRvIGNobW9kIC1SIDc3NyAvdmFyL3d3dy9odG1sCnN1ZG8gZWNobyAiV2VsY29tZSB0byBiZXNpbXBsZSAtIFdlYlZNICAtIFZNIEhvc3RuYW1lOiAkKGhvc3RuYW1lKSIgPiAvdmFyL3d3dy9odG1sL2luZGV4Lmh0bWwK",
            "dedicated_host_group_id": "",
            "dedicated_host_id": "",
            "disable_password_authentication": false,
            "disk_controller_type": "",
            "edge_zone": "",
            "encryption_at_host_enabled": false,
            "eviction_policy": "",
            "extensions_time_budget": "PT1H30M",
            "gallery_application": [],
            "id": "/subscriptions/294fc8e5-3491-4a9e-8db3-78b02fd829e3/resourceGroups/gowri_rg1/providers/Microsoft.Compute/virtualMachines/Kyndryl-Linux-VM2",
            "identity": [],
            "license_type": "",
            "location": "eastus",
            "max_bid_price": -1,
            "name": "Kyndryl-Linux-VM2",
            "network_interface_ids": [
              "/subscriptions/294fc8e5-3491-4a9e-8db3-78b02fd829e3/resourceGroups/gowri_rg1/providers/Microsoft.Network/networkInterfaces/KyndrylNIC-2"
            ],
            "os_disk": [
              {
                "caching": "ReadWrite",
                "diff_disk_settings": [],
                "disk_encryption_set_id": "",
                "disk_size_gb": 64,
                "name": "Kyndryl-Linux-VM2_disk1_627d6e973d384e98912c9bef41b7b07d",
                "secure_vm_disk_encryption_set_id": "",
                "security_encryption_type": "",
                "storage_account_type": "Standard_LRS",
                "write_accelerator_enabled": false
              }
            ],
            "os_image_notification": [],
            "patch_assessment_mode": "ImageDefault",
            "patch_mode": "ImageDefault",
            "plan": [],
            "platform_fault_domain": -1,
            "priority": "Regular",
            "private_ip_address": "10.0.2.4",
            "private_ip_addresses": [
              "10.0.2.4"
            ],
            "provision_vm_agent": true,
            "proximity_placement_group_id": "",
            "public_ip_address": "",
            "public_ip_addresses": [],
            "reboot_setting": "",
            "resource_group_name": "gowri_rg1",
            "secret": [],
            "secure_boot_enabled": false,
            "size": "Standard_B1s",
            "source_image_id": "",
            "source_image_reference": [
              {
                "offer": "RHEL",
                "publisher": "RedHat",
                "sku": "9-lvm",
                "version": "latest"
              }
            ],
            "tags": {
              "Environment": "Dev",
              "Owner": "Gowri Shankar",
              "Project": "Terraform_Testing"
            },
            "termination_notification": null,
            "timeouts": null,
            "user_data": "",
            "virtual_machine_id": "d8e03a69-2d1b-4a51-a74c-b42331dfbbf3",
            "virtual_machine_scale_set_id": "",
            "vm_agent_platform_updates_enabled": false,
            "vtpm_enabled": false,
            "zone": ""
          },
          "sensitive_attributes": [
            [
              {
                "type": "get_attr",
                "value": "admin_password"
              }
            ],
            [
              {
                "type": "get_attr",
                "value": "custom_data"
              }
            ]
          ],
          "identity_schema_version": 0,
          "private": "eyJlMmJmYjczMC1lY2FhLTExZTYtOGY4OC0zNDM2M2JjN2M0YzAiOnsiY3JlYXRlIjoyNzAwMDAwMDAwMDAwLCJkZWxldGUiOjI3MDAwMDAwMDAwMDAsInJlYWQiOjMwMDAwMDAwMDAwMCwidXBkYXRlIjoyNzAwMDAwMDAwMDAwfX0=",
          "dependencies": [
            "azurerm_network_interface.my_nic",
            "azurerm_resource_group.my_rg",
            "azurerm_subnet.my_Subnet",
            "azurerm_virtual_network.my_Vnet"
          ]
        },
        {
          "index_key": 2,
          "schema_version": 0,
          "attributes": {
            "additional_capabilities": [],
            "admin_password": "Ygsvinay#26012002",
            "admin_ssh_key": [],
            "admin_username": "gowri",
            "allow_extension_operations": true,
            "availability_set_id": "",
            "boot_diagnostics": [],
            "bypass_platform_safety_checks_on_user_schedule_enabled": false,
            "capacity_reservation_group_id": "",
            "computer_name": "Kyndryl-Linux-VM3",
            "custom_data": "IyEvYmluL3NoCnN1ZG8geXVtIHVwZGF0ZSAteQpzdWRvIHl1bSBpbnN0YWxsIC15IApzdWRvIGNobW9kIC1SIDc3NyAvdmFyL3d3dy9odG1sCnN1ZG8gZWNobyAiV2VsY29tZSB0byBiZXNpbXBsZSAtIFdlYlZNICAtIFZNIEhvc3RuYW1lOiAkKGhvc3RuYW1lKSIgPiAvdmFyL3d3dy9odG1sL2luZGV4Lmh0bWwK",
            "dedicated_host_group_id": "",
            "dedicated_host_id": "",
            "disable_password_authentication": false,
            "disk_controller_type": "",
            "edge_zone": "",
            "encryption_at_host_enabled": false,
            "eviction_policy": "",
            "extensions_time_budget": "PT1H30M",
            "gallery_application": [],
            "id": "/subscriptions/294fc8e5-3491-4a9e-8db3-78b02fd829e3/resourceGroups/gowri_rg1/providers/Microsoft.Compute/virtualMachines/Kyndryl-Linux-VM3",
            "identity": [],
            "license_type": "",
            "location": "eastus",
            "max_bid_price": -1,
            "name": "Kyndryl-Linux-VM3",
            "network_interface_ids": [
              "/subscriptions/294fc8e5-3491-4a9e-8db3-78b02fd829e3/resourceGroups/gowri_rg1/providers/Microsoft.Network/networkInterfaces/KyndrylNIC-3"
            ],
            "os_disk": [
              {
                "caching": "ReadWrite",
                "diff_disk_settings": [],
                "disk_encryption_set_id": "",
                "disk_size_gb": 64,
                "name": "Kyndryl-Linux-VM3_disk1_efccea39dd6244eb9a2db9bb57f012bc",
                "secure_vm_disk_encryption_set_id": "",
                "security_encryption_type": "",
                "storage_account_type": "Standard_LRS",
                "write_accelerator_enabled": false
              }
            ],
            "os_image_notification": [],
            "patch_assessment_mode": "ImageDefault",
            "patch_mode": "ImageDefault",
            "plan": [],
            "platform_fault_domain": -1,
            "priority": "Regular",
            "private_ip_address": "10.0.2.6",
            "private_ip_addresses": [
              "10.0.2.6"
            ],
            "provision_vm_agent": true,
            "proximity_placement_group_id": "",
            "public_ip_address": "",
            "public_ip_addresses": [],
            "reboot_setting": "",
            "resource_group_name": "gowri_rg1",
            "secret": [],
            "secure_boot_enabled": false,
            "size": "Standard_B1s",
            "source_image_id": "",
            "source_image_reference": [
              {
                "offer": "RHEL",
                "publisher": "RedHat",
                "sku": "9-lvm",
                "version": "latest"
              }
            ],
            "tags": {
              "Environment": "Dev",
              "Owner": "Gowri Shankar",
              "Project": "Terraform_Testing"
            },
            "termination_notification": null,
            "timeouts": null,
            "user_data": "",
            "virtual_machine_id": "a94874a0-3897-4431-a109-94446d347344",
            "virtual_machine_scale_set_id": "",
            "vm_agent_platform_updates_enabled": false,
            "vtpm_enabled": false,
            "zone": ""
          },
          "sensitive_attributes": [
            [
              {
                "type": "get_attr",
                "value": "admin_password"
              }
            ],
            [
              {
                "type": "get_attr",
                "value": "custom_data"
              }
            ]
          ],
          "identity_schema_version": 0,
          "private": "eyJlMmJmYjczMC1lY2FhLTExZTYtOGY4OC0zNDM2M2JjN2M0YzAiOnsiY3JlYXRlIjoyNzAwMDAwMDAwMDAwLCJkZWxldGUiOjI3MDAwMDAwMDAwMDAsInJlYWQiOjMwMDAwMDAwMDAwMCwidXBkYXRlIjoyNzAwMDAwMDAwMDAwfX0=",
          "dependencies": [
            "azurerm_network_interface.my_nic",
            "azurerm_resource_group.my_rg",
            "azurerm_subnet.my_Subnet",
            "azurerm_virtual_network.my_Vnet"
          ]
        }
      ]
    },
    {
      "mode": "managed",
      "type": "azurerm_network_interface",
      "name": "my_nic",
      "provider": "provider[\"registry.terraform.io/hashicorp/azurerm\"]",
      "instances": [
        {
          "index_key": 0,
          "schema_version": 0,
          "attributes": {
            "accelerated_networking_enabled": false,
            "applied_dns_servers": [],
            "auxiliary_mode": "",
            "auxiliary_sku": "",
            "dns_servers": null,
            "edge_zone": "",
            "id": "/subscriptions/294fc8e5-3491-4a9e-8db3-78b02fd829e3/resourceGroups/gowri_rg1/providers/Microsoft.Network/networkInterfaces/KyndrylNIC-1",
            "internal_dns_name_label": "",
            "internal_domain_name_suffix": "lfh534c2fzvujj2ywbizzmsc0b.bx.internal.cloudapp.net",
            "ip_configuration": [
              {
                "gateway_load_balancer_frontend_ip_configuration_id": "",
                "name": "internal",
                "primary": true,
                "private_ip_address": "10.0.2.5",
                "private_ip_address_allocation": "Dynamic",
                "private_ip_address_version": "IPv4",
                "public_ip_address_id": "",
                "subnet_id": "/subscriptions/294fc8e5-3491-4a9e-8db3-78b02fd829e3/resourceGroups/gowri_rg1/providers/Microsoft.Network/virtualNetworks/KyndrylVNet/subnets/KyndrylSubnet"
              }
            ],
            "ip_forwarding_enabled": false,
            "location": "eastus",
            "mac_address": "",
            "name": "KyndrylNIC-1",
            "private_ip_address": "10.0.2.5",
            "private_ip_addresses": [
              "10.0.2.5"
            ],
            "resource_group_name": "gowri_rg1",
            "tags": null,
            "timeouts": null,
            "virtual_machine_id": ""
          },
          "sensitive_attributes": [],
          "identity_schema_version": 0,
          "private": "eyJlMmJmYjczMC1lY2FhLTExZTYtOGY4OC0zNDM2M2JjN2M0YzAiOnsiY3JlYXRlIjoxODAwMDAwMDAwMDAwLCJkZWxldGUiOjE4MDAwMDAwMDAwMDAsInJlYWQiOjMwMDAwMDAwMDAwMCwidXBkYXRlIjoxODAwMDAwMDAwMDAwfX0=",
          "dependencies": [
            "azurerm_resource_group.my_rg",
            "azurerm_subnet.my_Subnet",
            "azurerm_virtual_network.my_Vnet"
          ]
        },
        {
          "index_key": 1,
          "schema_version": 0,
          "attributes": {
            "accelerated_networking_enabled": false,
            "applied_dns_servers": [],
            "auxiliary_mode": "",
            "auxiliary_sku": "",
            "dns_servers": null,
            "edge_zone": "",
            "id": "/subscriptions/294fc8e5-3491-4a9e-8db3-78b02fd829e3/resourceGroups/gowri_rg1/providers/Microsoft.Network/networkInterfaces/KyndrylNIC-2",
            "internal_dns_name_label": "",
            "internal_domain_name_suffix": "lfh534c2fzvujj2ywbizzmsc0b.bx.internal.cloudapp.net",
            "ip_configuration": [
              {
                "gateway_load_balancer_frontend_ip_configuration_id": "",
                "name": "internal",
                "primary": true,
                "private_ip_address": "10.0.2.4",
                "private_ip_address_allocation": "Dynamic",
                "private_ip_address_version": "IPv4",
                "public_ip_address_id": "",
                "subnet_id": "/subscriptions/294fc8e5-3491-4a9e-8db3-78b02fd829e3/resourceGroups/gowri_rg1/providers/Microsoft.Network/virtualNetworks/KyndrylVNet/subnets/KyndrylSubnet"
              }
            ],
            "ip_forwarding_enabled": false,
            "location": "eastus",
            "mac_address": "",
            "name": "KyndrylNIC-2",
            "private_ip_address": "10.0.2.4",
            "private_ip_addresses": [
              "10.0.2.4"
            ],
            "resource_group_name": "gowri_rg1",
            "tags": null,
            "timeouts": null,
            "virtual_machine_id": ""
          },
          "sensitive_attributes": [],
          "identity_schema_version": 0,
          "private": "eyJlMmJmYjczMC1lY2FhLTExZTYtOGY4OC0zNDM2M2JjN2M0YzAiOnsiY3JlYXRlIjoxODAwMDAwMDAwMDAwLCJkZWxldGUiOjE4MDAwMDAwMDAwMDAsInJlYWQiOjMwMDAwMDAwMDAwMCwidXBkYXRlIjoxODAwMDAwMDAwMDAwfX0=",
          "dependencies": [
            "azurerm_resource_group.my_rg",
            "azurerm_subnet.my_Subnet",
            "azurerm_virtual_network.my_Vnet"
          ]
        },
        {
          "index_key": 2,
          "schema_version": 0,
          "attributes": {
            "accelerated_networking_enabled": false,
            "applied_dns_servers": [],
            "auxiliary_mode": "",
            "auxiliary_sku": "",
            "dns_servers": null,
            "edge_zone": "",
            "id": "/subscriptions/294fc8e5-3491-4a9e-8db3-78b02fd829e3/resourceGroups/gowri_rg1/providers/Microsoft.Network/networkInterfaces/KyndrylNIC-3",
            "internal_dns_name_label": "",
            "internal_domain_name_suffix": "lfh534c2fzvujj2ywbizzmsc0b.bx.internal.cloudapp.net",
            "ip_configuration": [
              {
                "gateway_load_balancer_frontend_ip_configuration_id": "",
                "name": "internal",
                "primary": true,
                "private_ip_address": "10.0.2.6",
                "private_ip_address_allocation": "Dynamic",
                "private_ip_address_version": "IPv4",
                "public_ip_address_id": "",
                "subnet_id": "/subscriptions/294fc8e5-3491-4a9e-8db3-78b02fd829e3/resourceGroups/gowri_rg1/providers/Microsoft.Network/virtualNetworks/KyndrylVNet/subnets/KyndrylSubnet"
              }
            ],
            "ip_forwarding_enabled": false,
            "location": "eastus",
            "mac_address": "",
            "name": "KyndrylNIC-3",
            "private_ip_address": "10.0.2.6",
            "private_ip_addresses": [
              "10.0.2.6"
            ],
            "resource_group_name": "gowri_rg1",
            "tags": null,
            "timeouts": null,
            "virtual_machine_id": ""
          },
          "sensitive_attributes": [],
          "identity_schema_version": 0,
          "private": "eyJlMmJmYjczMC1lY2FhLTExZTYtOGY4OC0zNDM2M2JjN2M0YzAiOnsiY3JlYXRlIjoxODAwMDAwMDAwMDAwLCJkZWxldGUiOjE4MDAwMDAwMDAwMDAsInJlYWQiOjMwMDAwMDAwMDAwMCwidXBkYXRlIjoxODAwMDAwMDAwMDAwfX0=",
          "dependencies": [
            "azurerm_resource_group.my_rg",
            "azurerm_subnet.my_Subnet",
            "azurerm_virtual_network.my_Vnet"
          ]
        }
      ]
    },
    {
      "mode": "managed",
      "type": "azurerm_network_interface_backend_address_pool_association",
      "name": "backend_assoc",
      "provider": "provider[\"registry.terraform.io/hashicorp/azurerm\"]",
      "instances": [
        {
          "index_key": 0,
          "schema_version": 0,
          "attributes": {
            "backend_address_pool_id": "/subscriptions/294fc8e5-3491-4a9e-8db3-78b02fd829e3/resourceGroups/gowri_rg1/providers/Microsoft.Network/loadBalancers/Kyndryl-LB/backendAddressPools/bkyndryl-ackend-pool",
            "id": "/subscriptions/294fc8e5-3491-4a9e-8db3-78b02fd829e3/resourceGroups/gowri_rg1/providers/Microsoft.Network/networkInterfaces/KyndrylNIC-1/ipConfigurations/internal|/subscriptions/294fc8e5-3491-4a9e-8db3-78b02fd829e3/resourceGroups/gowri_rg1/providers/Microsoft.Network/loadBalancers/Kyndryl-LB/backendAddressPools/bkyndryl-ackend-pool",
            "ip_configuration_name": "internal",
            "network_interface_id": "/subscriptions/294fc8e5-3491-4a9e-8db3-78b02fd829e3/resourceGroups/gowri_rg1/providers/Microsoft.Network/networkInterfaces/KyndrylNIC-1",
            "timeouts": null
          },
          "sensitive_attributes": [],
          "identity_schema_version": 0,
          "private": "eyJlMmJmYjczMC1lY2FhLTExZTYtOGY4OC0zNDM2M2JjN2M0YzAiOnsiY3JlYXRlIjoxODAwMDAwMDAwMDAwLCJkZWxldGUiOjE4MDAwMDAwMDAwMDAsInJlYWQiOjMwMDAwMDAwMDAwMH19",
          "dependencies": [
            "azurerm_lb.my_lb",
            "azurerm_lb_backend_address_pool.backend_pool",
            "azurerm_network_interface.my_nic",
            "azurerm_public_ip.my_pip",
            "azurerm_resource_group.my_rg",
            "azurerm_subnet.my_Subnet",
            "azurerm_virtual_network.my_Vnet"
          ]
        },
        {
          "index_key": 1,
          "schema_version": 0,
          "attributes": {
            "backend_address_pool_id": "/subscriptions/294fc8e5-3491-4a9e-8db3-78b02fd829e3/resourceGroups/gowri_rg1/providers/Microsoft.Network/loadBalancers/Kyndryl-LB/backendAddressPools/bkyndryl-ackend-pool",
            "id": "/subscriptions/294fc8e5-3491-4a9e-8db3-78b02fd829e3/resourceGroups/gowri_rg1/providers/Microsoft.Network/networkInterfaces/KyndrylNIC-2/ipConfigurations/internal|/subscriptions/294fc8e5-3491-4a9e-8db3-78b02fd829e3/resourceGroups/gowri_rg1/providers/Microsoft.Network/loadBalancers/Kyndryl-LB/backendAddressPools/bkyndryl-ackend-pool",
            "ip_configuration_name": "internal",
            "network_interface_id": "/subscriptions/294fc8e5-3491-4a9e-8db3-78b02fd829e3/resourceGroups/gowri_rg1/providers/Microsoft.Network/networkInterfaces/KyndrylNIC-2",
            "timeouts": null
          },
          "sensitive_attributes": [],
          "identity_schema_version": 0,
          "private": "eyJlMmJmYjczMC1lY2FhLTExZTYtOGY4OC0zNDM2M2JjN2M0YzAiOnsiY3JlYXRlIjoxODAwMDAwMDAwMDAwLCJkZWxldGUiOjE4MDAwMDAwMDAwMDAsInJlYWQiOjMwMDAwMDAwMDAwMH19",
          "dependencies": [
            "azurerm_lb.my_lb",
            "azurerm_lb_backend_address_pool.backend_pool",
            "azurerm_network_interface.my_nic",
            "azurerm_public_ip.my_pip",
            "azurerm_resource_group.my_rg",
            "azurerm_subnet.my_Subnet",
            "azurerm_virtual_network.my_Vnet"
          ]
        },
        {
          "index_key": 2,
          "schema_version": 0,
          "attributes": {
            "backend_address_pool_id": "/subscriptions/294fc8e5-3491-4a9e-8db3-78b02fd829e3/resourceGroups/gowri_rg1/providers/Microsoft.Network/loadBalancers/Kyndryl-LB/backendAddressPools/bkyndryl-ackend-pool",
            "id": "/subscriptions/294fc8e5-3491-4a9e-8db3-78b02fd829e3/resourceGroups/gowri_rg1/providers/Microsoft.Network/networkInterfaces/KyndrylNIC-3/ipConfigurations/internal|/subscriptions/294fc8e5-3491-4a9e-8db3-78b02fd829e3/resourceGroups/gowri_rg1/providers/Microsoft.Network/loadBalancers/Kyndryl-LB/backendAddressPools/bkyndryl-ackend-pool",
            "ip_configuration_name": "internal",
            "network_interface_id": "/subscriptions/294fc8e5-3491-4a9e-8db3-78b02fd829e3/resourceGroups/gowri_rg1/providers/Microsoft.Network/networkInterfaces/KyndrylNIC-3",
            "timeouts": null
          },
          "sensitive_attributes": [],
          "identity_schema_version": 0,
          "private": "eyJlMmJmYjczMC1lY2FhLTExZTYtOGY4OC0zNDM2M2JjN2M0YzAiOnsiY3JlYXRlIjoxODAwMDAwMDAwMDAwLCJkZWxldGUiOjE4MDAwMDAwMDAwMDAsInJlYWQiOjMwMDAwMDAwMDAwMH19",
          "dependencies": [
            "azurerm_lb.my_lb",
            "azurerm_lb_backend_address_pool.backend_pool",
            "azurerm_network_interface.my_nic",
            "azurerm_public_ip.my_pip",
            "azurerm_resource_group.my_rg",
            "azurerm_subnet.my_Subnet",
            "azurerm_virtual_network.my_Vnet"
          ]
        }
      ]
    },
    {
      "mode": "managed",
      "type": "azurerm_network_security_group",
      "name": "my_nsg",
      "provider": "provider[\"registry.terraform.io/hashicorp/azurerm\"]",
      "instances": [
        {
          "schema_version": 0,
          "attributes": {
            "id": "/subscriptions/294fc8e5-3491-4a9e-8db3-78b02fd829e3/resourceGroups/gowri_rg1/providers/Microsoft.Network/networkSecurityGroups/KyndrylNSG",
            "location": "eastus",
            "name": "KyndrylNSG",
            "resource_group_name": "gowri_rg1",
            "security_rule": [],
            "tags": {
              "Environment": "Dev",
              "Owner": "Gowri Shankar",
              "Project": "Terraform_Testing"
            },
            "timeouts": null
          },
          "sensitive_attributes": [],
          "identity_schema_version": 0,
          "private": "eyJlMmJmYjczMC1lY2FhLTExZTYtOGY4OC0zNDM2M2JjN2M0YzAiOnsiY3JlYXRlIjoxODAwMDAwMDAwMDAwLCJkZWxldGUiOjE4MDAwMDAwMDAwMDAsInJlYWQiOjMwMDAwMDAwMDAwMCwidXBkYXRlIjoxODAwMDAwMDAwMDAwfX0=",
          "dependencies": [
            "azurerm_resource_group.my_rg"
          ]
        }
      ]
    },
    {
      "mode": "managed",
      "type": "azurerm_network_security_rule",
      "name": "rules",
      "provider": "provider[\"registry.terraform.io/hashicorp/azurerm\"]",
      "instances": [
        {
          "index_key": "120",
          "schema_version": 0,
          "attributes": {
            "access": "Allow",
            "description": "",
            "destination_address_prefix": "*",
            "destination_address_prefixes": null,
            "destination_application_security_group_ids": null,
            "destination_port_range": "80",
            "destination_port_ranges": null,
            "direction": "Inbound",
            "id": "/subscriptions/294fc8e5-3491-4a9e-8db3-78b02fd829e3/resourceGroups/gowri_rg1/providers/Microsoft.Network/networkSecurityGroups/KyndrylNSG/securityRules/Allow-80",
            "name": "Allow-80",
            "network_security_group_name": "KyndrylNSG",
            "priority": 120,
            "protocol": "Tcp",
            "resource_group_name": "gowri_rg1",
            "source_address_prefix": "*",
            "source_address_prefixes": null,
            "source_application_security_group_ids": null,
            "source_port_range": "*",
            "source_port_ranges": null,
            "timeouts": null
          },
          "sensitive_attributes": [],
          "identity_schema_version": 0,
          "private": "eyJlMmJmYjczMC1lY2FhLTExZTYtOGY4OC0zNDM2M2JjN2M0YzAiOnsiY3JlYXRlIjoxODAwMDAwMDAwMDAwLCJkZWxldGUiOjE4MDAwMDAwMDAwMDAsInJlYWQiOjMwMDAwMDAwMDAwMCwidXBkYXRlIjoxODAwMDAwMDAwMDAwfX0=",
          "dependencies": [
            "azurerm_network_security_group.my_nsg",
            "azurerm_resource_group.my_rg"
          ]
        },
        {
          "index_key": "130",
          "schema_version": 0,
          "attributes": {
            "access": "Allow",
            "description": "",
            "destination_address_prefix": "*",
            "destination_address_prefixes": null,
            "destination_application_security_group_ids": null,
            "destination_port_range": "443",
            "destination_port_ranges": null,
            "direction": "Inbound",
            "id": "/subscriptions/294fc8e5-3491-4a9e-8db3-78b02fd829e3/resourceGroups/gowri_rg1/providers/Microsoft.Network/networkSecurityGroups/KyndrylNSG/securityRules/Allow-443",
            "name": "Allow-443",
            "network_security_group_name": "KyndrylNSG",
            "priority": 130,
            "protocol": "Tcp",
            "resource_group_name": "gowri_rg1",
            "source_address_prefix": "*",
            "source_address_prefixes": null,
            "source_application_security_group_ids": null,
            "source_port_range": "*",
            "source_port_ranges": null,
            "timeouts": null
          },
          "sensitive_attributes": [],
          "identity_schema_version": 0,
          "private": "eyJlMmJmYjczMC1lY2FhLTExZTYtOGY4OC0zNDM2M2JjN2M0YzAiOnsiY3JlYXRlIjoxODAwMDAwMDAwMDAwLCJkZWxldGUiOjE4MDAwMDAwMDAwMDAsInJlYWQiOjMwMDAwMDAwMDAwMCwidXBkYXRlIjoxODAwMDAwMDAwMDAwfX0=",
          "dependencies": [
            "azurerm_network_security_group.my_nsg",
            "azurerm_resource_group.my_rg"
          ]
        }
      ]
    },
    {
      "mode": "managed",
      "type": "azurerm_public_ip",
      "name": "my_pip",
      "provider": "provider[\"registry.terraform.io/hashicorp/azurerm\"]",
      "instances": [
        {
          "schema_version": 0,
          "attributes": {
            "allocation_method": "Static",
            "ddos_protection_mode": "VirtualNetworkInherited",
            "ddos_protection_plan_id": null,
            "domain_name_label": null,
            "edge_zone": "",
            "fqdn": null,
            "id": "/subscriptions/294fc8e5-3491-4a9e-8db3-78b02fd829e3/resourceGroups/gowri_rg1/providers/Microsoft.Network/publicIPAddresses/KyndrylPublicIP",
            "idle_timeout_in_minutes": 4,
            "ip_address": "172.173.155.120",
            "ip_tags": null,
            "ip_version": "IPv4",
            "location": "eastus",
            "name": "KyndrylPublicIP",
            "public_ip_prefix_id": null,
            "resource_group_name": "gowri_rg1",
            "reverse_fqdn": null,
            "sku": "Standard",
            "sku_tier": "Regional",
            "tags": null,
            "timeouts": null,
            "zones": null
          },
          "sensitive_attributes": [],
          "identity_schema_version": 0,
          "private": "eyJlMmJmYjczMC1lY2FhLTExZTYtOGY4OC0zNDM2M2JjN2M0YzAiOnsiY3JlYXRlIjoxODAwMDAwMDAwMDAwLCJkZWxldGUiOjE4MDAwMDAwMDAwMDAsInJlYWQiOjMwMDAwMDAwMDAwMCwidXBkYXRlIjoxODAwMDAwMDAwMDAwfX0=",
          "dependencies": [
            "azurerm_resource_group.my_rg"
          ]
        }
      ]
    },
    {
      "mode": "managed",
      "type": "azurerm_resource_group",
      "name": "my_rg",
      "provider": "provider[\"registry.terraform.io/hashicorp/azurerm\"]",
      "instances": [
        {
          "schema_version": 0,
          "attributes": {
            "id": "/subscriptions/294fc8e5-3491-4a9e-8db3-78b02fd829e3/resourceGroups/gowri_rg1",
            "location": "eastus",
            "managed_by": "",
            "name": "gowri_rg1",
            "tags": {
              "Environment": "Dev",
              "Owner": "Gowri Shankar",
              "Project": "Terraform_Testing"
            },
            "timeouts": null
          },
          "sensitive_attributes": [],
          "identity_schema_version": 0,
          "private": "eyJlMmJmYjczMC1lY2FhLTExZTYtOGY4OC0zNDM2M2JjN2M0YzAiOnsiY3JlYXRlIjo1NDAwMDAwMDAwMDAwLCJkZWxldGUiOjU0MDAwMDAwMDAwMDAsInJlYWQiOjMwMDAwMDAwMDAwMCwidXBkYXRlIjo1NDAwMDAwMDAwMDAwfX0="
        }
      ]
    },
    {
      "mode": "managed",
      "type": "azurerm_subnet",
      "name": "my_Subnet",
      "provider": "provider[\"registry.terraform.io/hashicorp/azurerm\"]",
      "instances": [
        {
          "schema_version": 0,
          "attributes": {
            "address_prefixes": [
              "10.0.2.0/27"
            ],
            "default_outbound_access_enabled": true,
            "delegation": [],
            "id": "/subscriptions/294fc8e5-3491-4a9e-8db3-78b02fd829e3/resourceGroups/gowri_rg1/providers/Microsoft.Network/virtualNetworks/KyndrylVNet/subnets/KyndrylSubnet",
            "name": "KyndrylSubnet",
            "private_endpoint_network_policies": "Disabled",
            "private_link_service_network_policies_enabled": true,
            "resource_group_name": "gowri_rg1",
            "service_endpoint_policy_ids": null,
            "service_endpoints": null,
            "timeouts": null,
            "virtual_network_name": "KyndrylVNet"
          },
          "sensitive_attributes": [],
          "identity_schema_version": 0,
          "private": "eyJlMmJmYjczMC1lY2FhLTExZTYtOGY4OC0zNDM2M2JjN2M0YzAiOnsiY3JlYXRlIjoxODAwMDAwMDAwMDAwLCJkZWxldGUiOjE4MDAwMDAwMDAwMDAsInJlYWQiOjMwMDAwMDAwMDAwMCwidXBkYXRlIjoxODAwMDAwMDAwMDAwfX0=",
          "dependencies": [
            "azurerm_resource_group.my_rg",
            "azurerm_virtual_network.my_Vnet"
          ]
        }
      ]
    },
    {
      "mode": "managed",
      "type": "azurerm_subnet_network_security_group_association",
      "name": "my_nsg_association",
      "provider": "provider[\"registry.terraform.io/hashicorp/azurerm\"]",
      "instances": [
        {
          "schema_version": 0,
          "attributes": {
            "id": "/subscriptions/294fc8e5-3491-4a9e-8db3-78b02fd829e3/resourceGroups/gowri_rg1/providers/Microsoft.Network/virtualNetworks/KyndrylVNet/subnets/KyndrylSubnet",
            "network_security_group_id": "/subscriptions/294fc8e5-3491-4a9e-8db3-78b02fd829e3/resourceGroups/gowri_rg1/providers/Microsoft.Network/networkSecurityGroups/KyndrylNSG",
            "subnet_id": "/subscriptions/294fc8e5-3491-4a9e-8db3-78b02fd829e3/resourceGroups/gowri_rg1/providers/Microsoft.Network/virtualNetworks/KyndrylVNet/subnets/KyndrylSubnet",
            "timeouts": null
          },
          "sensitive_attributes": [],
          "identity_schema_version": 0,
          "private": "eyJlMmJmYjczMC1lY2FhLTExZTYtOGY4OC0zNDM2M2JjN2M0YzAiOnsiY3JlYXRlIjoxODAwMDAwMDAwMDAwLCJkZWxldGUiOjE4MDAwMDAwMDAwMDAsInJlYWQiOjMwMDAwMDAwMDAwMH19",
          "dependencies": [
            "azurerm_network_security_group.my_nsg",
            "azurerm_resource_group.my_rg",
            "azurerm_subnet.my_Subnet",
            "azurerm_virtual_network.my_Vnet"
          ]
        }
      ]
    },
    {
      "mode": "managed",
      "type": "azurerm_virtual_network",
      "name": "my_Vnet",
      "provider": "provider[\"registry.terraform.io/hashicorp/azurerm\"]",
      "instances": [
        {
          "schema_version": 0,
          "attributes": {
            "address_space": [
              "10.0.0.0/16"
            ],
            "bgp_community": "",
            "ddos_protection_plan": [],
            "dns_servers": [],
            "edge_zone": "",
            "encryption": [],
            "flow_timeout_in_minutes": 0,
            "guid": "f8fe4f59-2e5c-446b-a798-b0519cb242d1",
            "id": "/subscriptions/294fc8e5-3491-4a9e-8db3-78b02fd829e3/resourceGroups/gowri_rg1/providers/Microsoft.Network/virtualNetworks/KyndrylVNet",
            "location": "eastus",
            "name": "KyndrylVNet",
            "resource_group_name": "gowri_rg1",
            "subnet": [],
            "tags": null,
            "timeouts": null
          },
          "sensitive_attributes": [],
          "identity_schema_version": 0,
          "private": "eyJlMmJmYjczMC1lY2FhLTExZTYtOGY4OC0zNDM2M2JjN2M0YzAiOnsiY3JlYXRlIjoxODAwMDAwMDAwMDAwLCJkZWxldGUiOjE4MDAwMDAwMDAwMDAsInJlYWQiOjMwMDAwMDAwMDAwMCwidXBkYXRlIjoxODAwMDAwMDAwMDAwfX0=",
          "dependencies": [
            "azurerm_resource_group.my_rg"
          ]
        }
      ]
    }
  ],
  "check_results": null
}
